
Microsoft Visual Studio Solution File, Format Version 12.00
# Visual Studio Version 17
VisualStudioVersion = 17.1.32228.430
MinimumVisualStudioVersion = 10.0.40219.1
Project("{FAE04EC0-301F-11D3-BF4B-00C04F79EFBC}") = "FiniteField", "FiniteField\FiniteField.csproj", "{0104C9D5-6AF7-42DD-82EE-4BF03C10C652}"
EndProject
Global
	GlobalSection(SolutionConfigurationPlatforms) = preSolution
		Debug|Any CPU = Debug|Any CPU
		Release|Any CPU = Release|Any CPU
	EndGlobalSection
	GlobalSection(ProjectConfigurationPlatforms) = postSolution
		{0104C9D5-6AF7-42DD-82EE-4BF03C10C652}.Debug|Any CPU.ActiveCfg = Debug|Any CPU
		{0104C9D5-6AF7-42DD-82EE-4BF03C10C652}.Debug|Any CPU.Build.0 = Debug|Any CPU
		{0104C9D5-6AF7-42DD-82EE-4BF03C10C652}.Release|Any CPU.ActiveCfg = Release|Any CPU
		{0104C9D5-6AF7-42DD-82EE-4BF03C10C652}.Release|Any CPU.Build.0 = Release|Any CPU
	EndGlobalSection
	GlobalSection(SolutionProperties) = preSolution
		HideSolutionNode = FALSE
	EndGlobalSection
	GlobalSection(ExtensibilityGlobals) = postSolution
		SolutionGuid = {EA8B2ECB-84B0-40FB-B172-E50A90842262}
	EndGlobalSection
EndGlobal
